
Microsoft Visual Studio Solution File, Format Version 12.00
# Visual Studio Version 17
VisualStudioVersion = 17.11.35222.181
MinimumVisualStudioVersion = 10.0.40219.1
Project("{8BC9CEB8-8B4A-11D0-8D11-00A0C91BC942}") = "Lav05.3", "Lav05.3\Lav05.3.vcxproj", "{03615C5B-F476-4973-8C86-82530EAF6565}"
EndProject
Project("{8BC9CEB8-8B4A-11D0-8D11-00A0C91BC942}") = "UnitTest3", "UnitTest3\UnitTest3.vcxproj", "{EE616A6E-51D1-4C80-BF7F-457210BB71A8}"
EndProject
Global
	GlobalSection(SolutionConfigurationPlatforms) = preSolution
		Debug|x64 = Debug|x64
		Debug|x86 = Debug|x86
		Release|x64 = Release|x64
		Release|x86 = Release|x86
	EndGlobalSection
	GlobalSection(ProjectConfigurationPlatforms) = postSolution
		{03615C5B-F476-4973-8C86-82530EAF6565}.Debug|x64.ActiveCfg = Debug|x64
		{03615C5B-F476-4973-8C86-82530EAF6565}.Debug|x64.Build.0 = Debug|x64
		{03615C5B-F476-4973-8C86-82530EAF6565}.Debug|x86.ActiveCfg = Debug|Win32
		{03615C5B-F476-4973-8C86-82530EAF6565}.Debug|x86.Build.0 = Debug|Win32
		{03615C5B-F476-4973-8C86-82530EAF6565}.Release|x64.ActiveCfg = Release|x64
		{03615C5B-F476-4973-8C86-82530EAF6565}.Release|x64.Build.0 = Release|x64
		{03615C5B-F476-4973-8C86-82530EAF6565}.Release|x86.ActiveCfg = Release|Win32
		{03615C5B-F476-4973-8C86-82530EAF6565}.Release|x86.Build.0 = Release|Win32
		{EE616A6E-51D1-4C80-BF7F-457210BB71A8}.Debug|x64.ActiveCfg = Debug|x64
		{EE616A6E-51D1-4C80-BF7F-457210BB71A8}.Debug|x64.Build.0 = Debug|x64
		{EE616A6E-51D1-4C80-BF7F-457210BB71A8}.Debug|x86.ActiveCfg = Debug|Win32
		{EE616A6E-51D1-4C80-BF7F-457210BB71A8}.Debug|x86.Build.0 = Debug|Win32
		{EE616A6E-51D1-4C80-BF7F-457210BB71A8}.Release|x64.ActiveCfg = Release|x64
		{EE616A6E-51D1-4C80-BF7F-457210BB71A8}.Release|x64.Build.0 = Release|x64
		{EE616A6E-51D1-4C80-BF7F-457210BB71A8}.Release|x86.ActiveCfg = Release|Win32
		{EE616A6E-51D1-4C80-BF7F-457210BB71A8}.Release|x86.Build.0 = Release|Win32
	EndGlobalSection
	GlobalSection(SolutionProperties) = preSolution
		HideSolutionNode = FALSE
	EndGlobalSection
	GlobalSection(ExtensibilityGlobals) = postSolution
		SolutionGuid = {DEAE3FE8-7B6B-49E5-9F28-A5CECE00E6E2}
	EndGlobalSection
EndGlobal
